
Microsoft Visual Studio Solution File, Format Version 12.00
# Visual Studio Version 17
VisualStudioVersion = 17.9.34622.214
MinimumVisualStudioVersion = 10.0.40219.1
Project("{FAE04EC0-301F-11D3-BF4B-00C04F79EFBC}") = "Funcionarios.API", "Funcionarios.API\Funcionarios.API.csproj", "{9183ADD5-5597-4430-B055-E3C827B821D1}"
EndProject
Global
	GlobalSection(SolutionConfigurationPlatforms) = preSolution
		Debug|Any CPU = Debug|Any CPU
		Release|Any CPU = Release|Any CPU
	EndGlobalSection
	GlobalSection(ProjectConfigurationPlatforms) = postSolution
		{9183ADD5-5597-4430-B055-E3C827B821D1}.Debug|Any CPU.ActiveCfg = Debug|Any CPU
		{9183ADD5-5597-4430-B055-E3C827B821D1}.Debug|Any CPU.Build.0 = Debug|Any CPU
		{9183ADD5-5597-4430-B055-E3C827B821D1}.Release|Any CPU.ActiveCfg = Release|Any CPU
		{9183ADD5-5597-4430-B055-E3C827B821D1}.Release|Any CPU.Build.0 = Release|Any CPU
	EndGlobalSection
	GlobalSection(SolutionProperties) = preSolution
		HideSolutionNode = FALSE
	EndGlobalSection
	GlobalSection(ExtensibilityGlobals) = postSolution
		SolutionGuid = {D5EE015E-1A43-401C-BF12-1BC4F62470A7}
	EndGlobalSection
EndGlobal
